// !$*UTF8*$!
{
	archiveVersion = 1;
	classes = {
	};
	objectVersion = 56;
	objects = {

/* Begin PBXBuildFile section */
		04041685294986B100468109 /* MainTabBarController.swift in Sources */ = {isa = PBXBuildFile; fileRef = 04041684294986B100468109 /* MainTabBarController.swift */; };
		04894599294263B100F0644B /* AppDelegate.swift in Sources */ = {isa = PBXBuildFile; fileRef = 04894598294263B100F0644B /* AppDelegate.swift */; };
		0489459B294263B100F0644B /* SceneDelegate.swift in Sources */ = {isa = PBXBuildFile; fileRef = 0489459A294263B100F0644B /* SceneDelegate.swift */; };
		048945A2294263B300F0644B /* Assets.xcassets in Resources */ = {isa = PBXBuildFile; fileRef = 048945A1294263B300F0644B /* Assets.xcassets */; };
		048945A5294263B300F0644B /* LaunchScreen.storyboard in Resources */ = {isa = PBXBuildFile; fileRef = 048945A3294263B300F0644B /* LaunchScreen.storyboard */; };
		048945AE2947023600F0644B /* SearchVC.swift in Sources */ = {isa = PBXBuildFile; fileRef = 048945AD2947023600F0644B /* SearchVC.swift */; };
		048945B02947028600F0644B /* BookMarkVC.swift in Sources */ = {isa = PBXBuildFile; fileRef = 048945AF2947028600F0644B /* BookMarkVC.swift */; };
		048945B4294712F100F0644B /* MapVC.swift in Sources */ = {isa = PBXBuildFile; fileRef = 048945B3294712F100F0644B /* MapVC.swift */; };
		1C2FD36D295144BA0023D1D1 /* BottomSheet.storyboard in Resources */ = {isa = PBXBuildFile; fileRef = 1C2FD36C295144BA0023D1D1 /* BottomSheet.storyboard */; };
		1C2FD36F295145F00023D1D1 /* BottomSheetViewController.swift in Sources */ = {isa = PBXBuildFile; fileRef = 1C2FD36E295145F00023D1D1 /* BottomSheetViewController.swift */; };
		1C531C66294BFEC1001DA4D7 /* MapViewController.swift in Sources */ = {isa = PBXBuildFile; fileRef = 1C531C65294BFEC1001DA4D7 /* MapViewController.swift */; };
		1C531C68294BFEDE001DA4D7 /* MapView.storyboard in Resources */ = {isa = PBXBuildFile; fileRef = 1C531C67294BFEDE001DA4D7 /* MapView.storyboard */; };
		1C531C6A294BFF3E001DA4D7 /* MapManager.swift in Sources */ = {isa = PBXBuildFile; fileRef = 1C531C69294BFF3E001DA4D7 /* MapManager.swift */; };
		1C531C6D294BFFA2001DA4D7 /* File.swift in Sources */ = {isa = PBXBuildFile; fileRef = 1C531C6C294BFFA2001DA4D7 /* File.swift */; };
		1C531C70294D12DA001DA4D7 /* MapboxMaps in Frameworks */ = {isa = PBXBuildFile; productRef = 1C531C6F294D12DA001DA4D7 /* MapboxMaps */; };
/* End PBXBuildFile section */

/* Begin PBXFileReference section */
		04041684294986B100468109 /* MainTabBarController.swift */ = {isa = PBXFileReference; lastKnownFileType = sourcecode.swift; path = MainTabBarController.swift; sourceTree = "<group>"; };
		04894595294263B100F0644B /* NomNom.app */ = {isa = PBXFileReference; explicitFileType = wrapper.application; includeInIndex = 0; path = NomNom.app; sourceTree = BUILT_PRODUCTS_DIR; };
		04894598294263B100F0644B /* AppDelegate.swift */ = {isa = PBXFileReference; lastKnownFileType = sourcecode.swift; path = AppDelegate.swift; sourceTree = "<group>"; };
		0489459A294263B100F0644B /* SceneDelegate.swift */ = {isa = PBXFileReference; lastKnownFileType = sourcecode.swift; path = SceneDelegate.swift; sourceTree = "<group>"; };
		048945A1294263B300F0644B /* Assets.xcassets */ = {isa = PBXFileReference; lastKnownFileType = folder.assetcatalog; path = Assets.xcassets; sourceTree = "<group>"; };
		048945A4294263B300F0644B /* Base */ = {isa = PBXFileReference; lastKnownFileType = file.storyboard; name = Base; path = Base.lproj/LaunchScreen.storyboard; sourceTree = "<group>"; };
		048945A6294263B300F0644B /* Info.plist */ = {isa = PBXFileReference; lastKnownFileType = text.plist.xml; path = Info.plist; sourceTree = "<group>"; };
		048945AD2947023600F0644B /* SearchVC.swift */ = {isa = PBXFileReference; lastKnownFileType = sourcecode.swift; path = SearchVC.swift; sourceTree = "<group>"; };
		048945AF2947028600F0644B /* BookMarkVC.swift */ = {isa = PBXFileReference; lastKnownFileType = sourcecode.swift; path = BookMarkVC.swift; sourceTree = "<group>"; };
		048945B3294712F100F0644B /* MapVC.swift */ = {isa = PBXFileReference; lastKnownFileType = sourcecode.swift; path = MapVC.swift; sourceTree = "<group>"; };
		1C2FD36C295144BA0023D1D1 /* BottomSheet.storyboard */ = {isa = PBXFileReference; lastKnownFileType = file.storyboard; path = BottomSheet.storyboard; sourceTree = "<group>"; };
		1C2FD36E295145F00023D1D1 /* BottomSheetViewController.swift */ = {isa = PBXFileReference; lastKnownFileType = sourcecode.swift; path = BottomSheetViewController.swift; sourceTree = "<group>"; };
		1C531C65294BFEC1001DA4D7 /* MapViewController.swift */ = {isa = PBXFileReference; lastKnownFileType = sourcecode.swift; path = MapViewController.swift; sourceTree = "<group>"; };
		1C531C67294BFEDE001DA4D7 /* MapView.storyboard */ = {isa = PBXFileReference; lastKnownFileType = file.storyboard; path = MapView.storyboard; sourceTree = "<group>"; };
		1C531C69294BFF3E001DA4D7 /* MapManager.swift */ = {isa = PBXFileReference; lastKnownFileType = sourcecode.swift; path = MapManager.swift; sourceTree = "<group>"; };
		1C531C6C294BFFA2001DA4D7 /* File.swift */ = {isa = PBXFileReference; lastKnownFileType = sourcecode.swift; path = File.swift; sourceTree = "<group>"; };
/* End PBXFileReference section */

/* Begin PBXFrameworksBuildPhase section */
		04894592294263B100F0644B /* Frameworks */ = {
			isa = PBXFrameworksBuildPhase;
			buildActionMask = 2147483647;
			files = (
				1C531C70294D12DA001DA4D7 /* MapboxMaps in Frameworks */,
			);
			runOnlyForDeploymentPostprocessing = 0;
		};
/* End PBXFrameworksBuildPhase section */

/* Begin PBXGroup section */
		0404168129480F4C00468109 /* ViewController */ = {
			isa = PBXGroup;
			children = (
				048945AD2947023600F0644B /* SearchVC.swift */,
				048945AF2947028600F0644B /* BookMarkVC.swift */,
				048945B3294712F100F0644B /* MapVC.swift */,
			);
			path = ViewController;
			sourceTree = "<group>";
		};
		0489458C294263B100F0644B = {
			isa = PBXGroup;
			children = (
				04894597294263B100F0644B /* NomNom */,
				04894596294263B100F0644B /* Products */,
			);
			sourceTree = "<group>";
		};
		04894596294263B100F0644B /* Products */ = {
			isa = PBXGroup;
			children = (
				04894595294263B100F0644B /* NomNom.app */,
			);
			name = Products;
			sourceTree = "<group>";
		};
		04894597294263B100F0644B /* NomNom */ = {
			isa = PBXGroup;
			children = (
				1C2FD369295144640023D1D1 /* BottomSheet */,
				1C531C64294BFE7D001DA4D7 /* MapTab */,
				048945B2294702D500F0644B /* Application */,
				048945AC2946FD8B00F0644B /* TabBar */,
				048945B1294702B100F0644B /* Supporting Files */,
			);
			path = NomNom;
			sourceTree = "<group>";
		};
		048945AC2946FD8B00F0644B /* TabBar */ = {
			isa = PBXGroup;
			children = (
				04041684294986B100468109 /* MainTabBarController.swift */,
				0404168129480F4C00468109 /* ViewController */,
			);
			path = TabBar;
			sourceTree = "<group>";
		};
		048945B1294702B100F0644B /* Supporting Files */ = {
			isa = PBXGroup;
			children = (
				048945A6294263B300F0644B /* Info.plist */,
				048945A1294263B300F0644B /* Assets.xcassets */,
				048945A3294263B300F0644B /* LaunchScreen.storyboard */,
			);
			path = "Supporting Files";
			sourceTree = "<group>";
		};
		048945B2294702D500F0644B /* Application */ = {
			isa = PBXGroup;
			children = (
				04894598294263B100F0644B /* AppDelegate.swift */,
				0489459A294263B100F0644B /* SceneDelegate.swift */,
			);
			path = Application;
			sourceTree = "<group>";
		};
		1C2FD369295144640023D1D1 /* BottomSheet */ = {
			isa = PBXGroup;
			children = (
				1C2FD36C295144BA0023D1D1 /* BottomSheet.storyboard */,
				1C2FD36E295145F00023D1D1 /* BottomSheetViewController.swift */,
			);
			path = BottomSheet;
			sourceTree = "<group>";
		};
		1C531C64294BFE7D001DA4D7 /* MapTab */ = {
			isa = PBXGroup;
			children = (
				1C531C6B294BFF5A001DA4D7 /* BottomSheet */,
				1C531C69294BFF3E001DA4D7 /* MapManager.swift */,
				1C531C65294BFEC1001DA4D7 /* MapViewController.swift */,
				1C531C67294BFEDE001DA4D7 /* MapView.storyboard */,
			);
			path = MapTab;
			sourceTree = "<group>";
		};
		1C531C6B294BFF5A001DA4D7 /* BottomSheet */ = {
			isa = PBXGroup;
			children = (
				1C531C6C294BFFA2001DA4D7 /* File.swift */,
			);
			path = BottomSheet;
			sourceTree = "<group>";
		};
/* End PBXGroup section */

/* Begin PBXNativeTarget section */
		04894594294263B100F0644B /* NomNom */ = {
			isa = PBXNativeTarget;
			buildConfigurationList = 048945A9294263B300F0644B /* Build configuration list for PBXNativeTarget "NomNom" */;
			buildPhases = (
				04894591294263B100F0644B /* Sources */,
				04894592294263B100F0644B /* Frameworks */,
				04894593294263B100F0644B /* Resources */,
			);
			buildRules = (
			);
			dependencies = (
			);
			name = NomNom;
			packageProductDependencies = (
				1C531C6F294D12DA001DA4D7 /* MapboxMaps */,
			);
			productName = NomNom;
			productReference = 04894595294263B100F0644B /* NomNom.app */;
			productType = "com.apple.product-type.application";
		};
/* End PBXNativeTarget section */

/* Begin PBXProject section */
		0489458D294263B100F0644B /* Project object */ = {
			isa = PBXProject;
			attributes = {
				BuildIndependentTargetsInParallel = 1;
				LastSwiftUpdateCheck = 1400;
				LastUpgradeCheck = 1400;
				TargetAttributes = {
					04894594294263B100F0644B = {
						CreatedOnToolsVersion = 14.0.1;
					};
				};
			};
			buildConfigurationList = 04894590294263B100F0644B /* Build configuration list for PBXProject "NomNom" */;
			compatibilityVersion = "Xcode 14.0";
			developmentRegion = en;
			hasScannedForEncodings = 0;
			knownRegions = (
				en,
				Base,
			);
			mainGroup = 0489458C294263B100F0644B;
			packageReferences = (
				1C531C6E294D12DA001DA4D7 /* XCRemoteSwiftPackageReference "mapbox-maps-ios" */,
			);
			productRefGroup = 04894596294263B100F0644B /* Products */;
			projectDirPath = "";
			projectRoot = "";
			targets = (
				04894594294263B100F0644B /* NomNom */,
			);
		};
/* End PBXProject section */

/* Begin PBXResourcesBuildPhase section */
		04894593294263B100F0644B /* Resources */ = {
			isa = PBXResourcesBuildPhase;
			buildActionMask = 2147483647;
			files = (
				048945A5294263B300F0644B /* LaunchScreen.storyboard in Resources */,
				048945A2294263B300F0644B /* Assets.xcassets in Resources */,
				1C531C68294BFEDE001DA4D7 /* MapView.storyboard in Resources */,
				1C2FD36D295144BA0023D1D1 /* BottomSheet.storyboard in Resources */,
			);
			runOnlyForDeploymentPostprocessing = 0;
		};
/* End PBXResourcesBuildPhase section */

/* Begin PBXSourcesBuildPhase section */
		04894591294263B100F0644B /* Sources */ = {
			isa = PBXSourcesBuildPhase;
			buildActionMask = 2147483647;
			files = (
				048945B4294712F100F0644B /* MapVC.swift in Sources */,
				048945AE2947023600F0644B /* SearchVC.swift in Sources */,
				04041685294986B100468109 /* MainTabBarController.swift in Sources */,
				1C2FD36F295145F00023D1D1 /* BottomSheetViewController.swift in Sources */,
				04894599294263B100F0644B /* AppDelegate.swift in Sources */,
				1C531C6A294BFF3E001DA4D7 /* MapManager.swift in Sources */,
				048945B02947028600F0644B /* BookMarkVC.swift in Sources */,
				0489459B294263B100F0644B /* SceneDelegate.swift in Sources */,
				1C531C6D294BFFA2001DA4D7 /* File.swift in Sources */,
				1C531C66294BFEC1001DA4D7 /* MapViewController.swift in Sources */,
			);
			runOnlyForDeploymentPostprocessing = 0;
		};
/* End PBXSourcesBuildPhase section */

/* Begin PBXVariantGroup section */
		048945A3294263B300F0644B /* LaunchScreen.storyboard */ = {
			isa = PBXVariantGroup;
			children = (
				048945A4294263B300F0644B /* Base */,
			);
			name = LaunchScreen.storyboard;
			sourceTree = "<group>";
		};
/* End PBXVariantGroup section */

/* Begin XCBuildConfiguration section */
		048945A7294263B300F0644B /* Debug */ = {
			isa = XCBuildConfiguration;
			buildSettings = {
				ALWAYS_SEARCH_USER_PATHS = NO;
				CLANG_ANALYZER_NONNULL = YES;
				CLANG_ANALYZER_NUMBER_OBJECT_CONVERSION = YES_AGGRESSIVE;
				CLANG_CXX_LANGUAGE_STANDARD = "gnu++20";
				CLANG_ENABLE_MODULES = YES;
				CLANG_ENABLE_OBJC_ARC = YES;
				CLANG_ENABLE_OBJC_WEAK = YES;
				CLANG_WARN_BLOCK_CAPTURE_AUTORELEASING = YES;
				CLANG_WARN_BOOL_CONVERSION = YES;
				CLANG_WARN_COMMA = YES;
				CLANG_WARN_CONSTANT_CONVERSION = YES;
				CLANG_WARN_DEPRECATED_OBJC_IMPLEMENTATIONS = YES;
				CLANG_WARN_DIRECT_OBJC_ISA_USAGE = YES_ERROR;
				CLANG_WARN_DOCUMENTATION_COMMENTS = YES;
				CLANG_WARN_EMPTY_BODY = YES;
				CLANG_WARN_ENUM_CONVERSION = YES;
				CLANG_WARN_INFINITE_RECURSION = YES;
				CLANG_WARN_INT_CONVERSION = YES;
				CLANG_WARN_NON_LITERAL_NULL_CONVERSION = YES;
				CLANG_WARN_OBJC_IMPLICIT_RETAIN_SELF = YES;
				CLANG_WARN_OBJC_LITERAL_CONVERSION = YES;
				CLANG_WARN_OBJC_ROOT_CLASS = YES_ERROR;
				CLANG_WARN_QUOTED_INCLUDE_IN_FRAMEWORK_HEADER = YES;
				CLANG_WARN_RANGE_LOOP_ANALYSIS = YES;
				CLANG_WARN_STRICT_PROTOTYPES = YES;
				CLANG_WARN_SUSPICIOUS_MOVE = YES;
				CLANG_WARN_UNGUARDED_AVAILABILITY = YES_AGGRESSIVE;
				CLANG_WARN_UNREACHABLE_CODE = YES;
				CLANG_WARN__DUPLICATE_METHOD_MATCH = YES;
				COPY_PHASE_STRIP = NO;
				DEBUG_INFORMATION_FORMAT = dwarf;
				ENABLE_STRICT_OBJC_MSGSEND = YES;
				ENABLE_TESTABILITY = YES;
				GCC_C_LANGUAGE_STANDARD = gnu11;
				GCC_DYNAMIC_NO_PIC = NO;
				GCC_NO_COMMON_BLOCKS = YES;
				GCC_OPTIMIZATION_LEVEL = 0;
				GCC_PREPROCESSOR_DEFINITIONS = (
					"DEBUG=1",
					"$(inherited)",
				);
				GCC_WARN_64_TO_32_BIT_CONVERSION = YES;
				GCC_WARN_ABOUT_RETURN_TYPE = YES_ERROR;
				GCC_WARN_UNDECLARED_SELECTOR = YES;
				GCC_WARN_UNINITIALIZED_AUTOS = YES_AGGRESSIVE;
				GCC_WARN_UNUSED_FUNCTION = YES;
				GCC_WARN_UNUSED_VARIABLE = YES;
				IPHONEOS_DEPLOYMENT_TARGET = 16.0;
				MTL_ENABLE_DEBUG_INFO = INCLUDE_SOURCE;
				MTL_FAST_MATH = YES;
				ONLY_ACTIVE_ARCH = YES;
				SDKROOT = iphoneos;
				SWIFT_ACTIVE_COMPILATION_CONDITIONS = DEBUG;
				SWIFT_OPTIMIZATION_LEVEL = "-Onone";
			};
			name = Debug;
		};
		048945A8294263B300F0644B /* Release */ = {
			isa = XCBuildConfiguration;
			buildSettings = {
				ALWAYS_SEARCH_USER_PATHS = NO;
				CLANG_ANALYZER_NONNULL = YES;
				CLANG_ANALYZER_NUMBER_OBJECT_CONVERSION = YES_AGGRESSIVE;
				CLANG_CXX_LANGUAGE_STANDARD = "gnu++20";
				CLANG_ENABLE_MODULES = YES;
				CLANG_ENABLE_OBJC_ARC = YES;
				CLANG_ENABLE_OBJC_WEAK = YES;
				CLANG_WARN_BLOCK_CAPTURE_AUTORELEASING = YES;
				CLANG_WARN_BOOL_CONVERSION = YES;
				CLANG_WARN_COMMA = YES;
				CLANG_WARN_CONSTANT_CONVERSION = YES;
				CLANG_WARN_DEPRECATED_OBJC_IMPLEMENTATIONS = YES;
				CLANG_WARN_DIRECT_OBJC_ISA_USAGE = YES_ERROR;
				CLANG_WARN_DOCUMENTATION_COMMENTS = YES;
				CLANG_WARN_EMPTY_BODY = YES;
				CLANG_WARN_ENUM_CONVERSION = YES;
				CLANG_WARN_INFINITE_RECURSION = YES;
				CLANG_WARN_INT_CONVERSION = YES;
				CLANG_WARN_NON_LITERAL_NULL_CONVERSION = YES;
				CLANG_WARN_OBJC_IMPLICIT_RETAIN_SELF = YES;
				CLANG_WARN_OBJC_LITERAL_CONVERSION = YES;
				CLANG_WARN_OBJC_ROOT_CLASS = YES_ERROR;
				CLANG_WARN_QUOTED_INCLUDE_IN_FRAMEWORK_HEADER = YES;
				CLANG_WARN_RANGE_LOOP_ANALYSIS = YES;
				CLANG_WARN_STRICT_PROTOTYPES = YES;
				CLANG_WARN_SUSPICIOUS_MOVE = YES;
				CLANG_WARN_UNGUARDED_AVAILABILITY = YES_AGGRESSIVE;
				CLANG_WARN_UNREACHABLE_CODE = YES;
				CLANG_WARN__DUPLICATE_METHOD_MATCH = YES;
				COPY_PHASE_STRIP = NO;
				DEBUG_INFORMATION_FORMAT = "dwarf-with-dsym";
				ENABLE_NS_ASSERTIONS = NO;
				ENABLE_STRICT_OBJC_MSGSEND = YES;
				GCC_C_LANGUAGE_STANDARD = gnu11;
				GCC_NO_COMMON_BLOCKS = YES;
				GCC_WARN_64_TO_32_BIT_CONVERSION = YES;
				GCC_WARN_ABOUT_RETURN_TYPE = YES_ERROR;
				GCC_WARN_UNDECLARED_SELECTOR = YES;
				GCC_WARN_UNINITIALIZED_AUTOS = YES_AGGRESSIVE;
				GCC_WARN_UNUSED_FUNCTION = YES;
				GCC_WARN_UNUSED_VARIABLE = YES;
				IPHONEOS_DEPLOYMENT_TARGET = 16.0;
				MTL_ENABLE_DEBUG_INFO = NO;
				MTL_FAST_MATH = YES;
				SDKROOT = iphoneos;
				SWIFT_COMPILATION_MODE = wholemodule;
				SWIFT_OPTIMIZATION_LEVEL = "-O";
				VALIDATE_PRODUCT = YES;
			};
			name = Release;
		};
		048945AA294263B300F0644B /* Debug */ = {
			isa = XCBuildConfiguration;
			buildSettings = {
				ASSETCATALOG_COMPILER_APPICON_NAME = AppIcon;
				ASSETCATALOG_COMPILER_GLOBAL_ACCENT_COLOR_NAME = AccentColor;
				CODE_SIGN_STYLE = Automatic;
				CURRENT_PROJECT_VERSION = 1;
				GENERATE_INFOPLIST_FILE = YES;
				INFOPLIST_FILE = "NomNom/Supporting Files/Info.plist";
				INFOPLIST_KEY_UIApplicationSupportsIndirectInputEvents = YES;
				INFOPLIST_KEY_UILaunchStoryboardName = LaunchScreen;
				INFOPLIST_KEY_UIMainStoryboardFile = "";
				INFOPLIST_KEY_UISupportedInterfaceOrientations_iPad = "UIInterfaceOrientationPortrait UIInterfaceOrientationPortraitUpsideDown UIInterfaceOrientationLandscapeLeft UIInterfaceOrientationLandscapeRight";
				INFOPLIST_KEY_UISupportedInterfaceOrientations_iPhone = "UIInterfaceOrientationPortrait UIInterfaceOrientationLandscapeLeft UIInterfaceOrientationLandscapeRight";
				IPHONEOS_DEPLOYMENT_TARGET = 13.0;
				LD_RUNPATH_SEARCH_PATHS = (
					"$(inherited)",
					"@executable_path/Frameworks",
				);
				MARKETING_VERSION = 1.0;
				PRODUCT_BUNDLE_IDENTIFIER = com.jackcamas.NomNom;
				PRODUCT_NAME = "$(TARGET_NAME)";
				SWIFT_EMIT_LOC_STRINGS = YES;
				SWIFT_VERSION = 5.0;
				TARGETED_DEVICE_FAMILY = "1,2";
			};
			name = Debug;
		};
		048945AB294263B300F0644B /* Release */ = {
			isa = XCBuildConfiguration;
			buildSettings = {
				ASSETCATALOG_COMPILER_APPICON_NAME = AppIcon;
				ASSETCATALOG_COMPILER_GLOBAL_ACCENT_COLOR_NAME = AccentColor;
				CODE_SIGN_STYLE = Automatic;
				CURRENT_PROJECT_VERSION = 1;
				GENERATE_INFOPLIST_FILE = YES;
				INFOPLIST_FILE = "NomNom/Supporting Files/Info.plist";
				INFOPLIST_KEY_UIApplicationSupportsIndirectInputEvents = YES;
				INFOPLIST_KEY_UILaunchStoryboardName = LaunchScreen;
				INFOPLIST_KEY_UIMainStoryboardFile = "";
				INFOPLIST_KEY_UISupportedInterfaceOrientations_iPad = "UIInterfaceOrientationPortrait UIInterfaceOrientationPortraitUpsideDown UIInterfaceOrientationLandscapeLeft UIInterfaceOrientationLandscapeRight";
				INFOPLIST_KEY_UISupportedInterfaceOrientations_iPhone = "UIInterfaceOrientationPortrait UIInterfaceOrientationLandscapeLeft UIInterfaceOrientationLandscapeRight";
				IPHONEOS_DEPLOYMENT_TARGET = 13.0;
				LD_RUNPATH_SEARCH_PATHS = (
					"$(inherited)",
					"@executable_path/Frameworks",
				);
				MARKETING_VERSION = 1.0;
				PRODUCT_BUNDLE_IDENTIFIER = com.jackcamas.NomNom;
				PRODUCT_NAME = "$(TARGET_NAME)";
				SWIFT_EMIT_LOC_STRINGS = YES;
				SWIFT_VERSION = 5.0;
				TARGETED_DEVICE_FAMILY = "1,2";
			};
			name = Release;
		};
/* End XCBuildConfiguration section */

/* Begin XCConfigurationList section */
		04894590294263B100F0644B /* Build configuration list for PBXProject "NomNom" */ = {
			isa = XCConfigurationList;
			buildConfigurations = (
				048945A7294263B300F0644B /* Debug */,
				048945A8294263B300F0644B /* Release */,
			);
			defaultConfigurationIsVisible = 0;
			defaultConfigurationName = Release;
		};
		048945A9294263B300F0644B /* Build configuration list for PBXNativeTarget "NomNom" */ = {
			isa = XCConfigurationList;
			buildConfigurations = (
				048945AA294263B300F0644B /* Debug */,
				048945AB294263B300F0644B /* Release */,
			);
			defaultConfigurationIsVisible = 0;
			defaultConfigurationName = Release;
		};
/* End XCConfigurationList section */

/* Begin XCRemoteSwiftPackageReference section */
		1C531C6E294D12DA001DA4D7 /* XCRemoteSwiftPackageReference "mapbox-maps-ios" */ = {
			isa = XCRemoteSwiftPackageReference;
			repositoryURL = "https://github.com/mapbox/mapbox-maps-ios.git";
			requirement = {
				branch = main;
				kind = branch;
			};
		};
/* End XCRemoteSwiftPackageReference section */

/* Begin XCSwiftPackageProductDependency section */
		1C531C6F294D12DA001DA4D7 /* MapboxMaps */ = {
			isa = XCSwiftPackageProductDependency;
			package = 1C531C6E294D12DA001DA4D7 /* XCRemoteSwiftPackageReference "mapbox-maps-ios" */;
			productName = MapboxMaps;
		};
/* End XCSwiftPackageProductDependency section */
	};
	rootObject = 0489458D294263B100F0644B /* Project object */;
}
